
Microsoft Visual Studio Solution File, Format Version 12.00
# Visual Studio Version 17
VisualStudioVersion = 17.8.34511.84
MinimumVisualStudioVersion = 10.0.40219.1
Project("{9A19103F-16F7-4668-BE54-9A1E7A4F7556}") = "MoreSpells", "MoreSpells.csproj", "{7692BD66-2DFA-4902-B596-4299AD1DAC38}"
EndProject
Global
	GlobalSection(SolutionConfigurationPlatforms) = preSolution
		Debug|Any CPU = Debug|Any CPU
		Release|Any CPU = Release|Any CPU
	EndGlobalSection
	GlobalSection(ProjectConfigurationPlatforms) = postSolution
		{7692BD66-2DFA-4902-B596-4299AD1DAC38}.Debug|Any CPU.ActiveCfg = Debug|Any CPU
		{7692BD66-2DFA-4902-B596-4299AD1DAC38}.Debug|Any CPU.Build.0 = Debug|Any CPU
		{7692BD66-2DFA-4902-B596-4299AD1DAC38}.Release|Any CPU.ActiveCfg = Release|Any CPU
		{7692BD66-2DFA-4902-B596-4299AD1DAC38}.Release|Any CPU.Build.0 = Release|Any CPU
	EndGlobalSection
	GlobalSection(SolutionProperties) = preSolution
		HideSolutionNode = FALSE
	EndGlobalSection
	GlobalSection(ExtensibilityGlobals) = postSolution
		SolutionGuid = {E92A6EE0-E02B-41F1-9B33-844702198F4C}
	EndGlobalSection
EndGlobal
